
Microsoft Visual Studio Solution File, Format Version 12.00
# Visual Studio 15
Project("{FAE04EC0-301F-11D3-BF4B-00C04F79EFBC}") = "Assembly-CSharp", "Assembly-CSharp.csproj", "{AEA1BF37-E7A3-6804-D25B-48997BF41AE4}"
EndProject
Project("{FAE04EC0-301F-11D3-BF4B-00C04F79EFBC}") = "Assembly-CSharp-firstpass", "Assembly-CSharp-firstpass.csproj", "{541AF015-35D1-1339-AE30-566620E35E0C}"
EndProject
Project("{FAE04EC0-301F-11D3-BF4B-00C04F79EFBC}") = "Sirenix.OdinInspector.CompatibilityLayer", "Sirenix.OdinInspector.CompatibilityLayer.csproj", "{AAED3A40-88EB-7397-0C41-A9F98C5C520D}"
EndProject
Project("{FAE04EC0-301F-11D3-BF4B-00C04F79EFBC}") = "Sirenix.OdinInspector.CompatibilityLayer.Editor", "Sirenix.OdinInspector.CompatibilityLayer.Editor.csproj", "{44F9C859-36BF-FCD4-28B1-77BA12929BB1}"
EndProject
Project("{FAE04EC0-301F-11D3-BF4B-00C04F79EFBC}") = "Assembly-CSharp-Editor-firstpass", "Assembly-CSharp-Editor-firstpass.csproj", "{15A5DF69-F60E-AE3C-260E-40C5A5517B06}"
EndProject
Global
	GlobalSection(SolutionConfigurationPlatforms) = preSolution
		Debug|Any CPU = Debug|Any CPU
		Release|Any CPU = Release|Any CPU
	EndGlobalSection
	GlobalSection(ProjectConfigurationPlatforms) = postSolution
		{AEA1BF37-E7A3-6804-D25B-48997BF41AE4}.Debug|Any CPU.ActiveCfg = Debug|Any CPU
		{AEA1BF37-E7A3-6804-D25B-48997BF41AE4}.Debug|Any CPU.Build.0 = Debug|Any CPU
		{AEA1BF37-E7A3-6804-D25B-48997BF41AE4}.Release|Any CPU.ActiveCfg = Release|Any CPU
		{AEA1BF37-E7A3-6804-D25B-48997BF41AE4}.Release|Any CPU.Build.0 = Release|Any CPU
		{541AF015-35D1-1339-AE30-566620E35E0C}.Debug|Any CPU.ActiveCfg = Debug|Any CPU
		{541AF015-35D1-1339-AE30-566620E35E0C}.Debug|Any CPU.Build.0 = Debug|Any CPU
		{541AF015-35D1-1339-AE30-566620E35E0C}.Release|Any CPU.ActiveCfg = Release|Any CPU
		{541AF015-35D1-1339-AE30-566620E35E0C}.Release|Any CPU.Build.0 = Release|Any CPU
		{AAED3A40-88EB-7397-0C41-A9F98C5C520D}.Debug|Any CPU.ActiveCfg = Debug|Any CPU
		{AAED3A40-88EB-7397-0C41-A9F98C5C520D}.Debug|Any CPU.Build.0 = Debug|Any CPU
		{AAED3A40-88EB-7397-0C41-A9F98C5C520D}.Release|Any CPU.ActiveCfg = Release|Any CPU
		{AAED3A40-88EB-7397-0C41-A9F98C5C520D}.Release|Any CPU.Build.0 = Release|Any CPU
		{44F9C859-36BF-FCD4-28B1-77BA12929BB1}.Debug|Any CPU.ActiveCfg = Debug|Any CPU
		{44F9C859-36BF-FCD4-28B1-77BA12929BB1}.Debug|Any CPU.Build.0 = Debug|Any CPU
		{44F9C859-36BF-FCD4-28B1-77BA12929BB1}.Release|Any CPU.ActiveCfg = Release|Any CPU
		{44F9C859-36BF-FCD4-28B1-77BA12929BB1}.Release|Any CPU.Build.0 = Release|Any CPU
		{15A5DF69-F60E-AE3C-260E-40C5A5517B06}.Debug|Any CPU.ActiveCfg = Debug|Any CPU
		{15A5DF69-F60E-AE3C-260E-40C5A5517B06}.Debug|Any CPU.Build.0 = Debug|Any CPU
		{15A5DF69-F60E-AE3C-260E-40C5A5517B06}.Release|Any CPU.ActiveCfg = Release|Any CPU
		{15A5DF69-F60E-AE3C-260E-40C5A5517B06}.Release|Any CPU.Build.0 = Release|Any CPU
	EndGlobalSection
	GlobalSection(SolutionProperties) = preSolution
		HideSolutionNode = FALSE
	EndGlobalSection
EndGlobal
